
Microsoft Visual Studio Solution File, Format Version 12.00
# Visual Studio Version 17
VisualStudioVersion = 17.0.31903.59
MinimumVisualStudioVersion = 10.0.40219.1
Project("{2150E333-8FDC-42A3-9474-1A3956D46DE8}") = "src", "src", "{827E0CD3-B72D-47B6-A68D-7590B98EB39B}"
EndProject
Project("{FAE04EC0-301F-11D3-BF4B-00C04F79EFBC}") = "GongdouSts2ChallengeMod", "src\GongdouSts2ChallengeMod\GongdouSts2ChallengeMod.csproj", "{474CC666-1F36-4C8C-91DE-0399B80BC2FA}"
EndProject
Project("{FAE04EC0-301F-11D3-BF4B-00C04F79EFBC}") = "GongdouSts2FrierenMod", "src\GongdouSts2FrierenMod\GongdouSts2FrierenMod.csproj", "{09908D55-5810-45D9-A8F5-F69F61A43928}"
EndProject
Global
	GlobalSection(SolutionConfigurationPlatforms) = preSolution
		Debug|Any CPU = Debug|Any CPU
		Debug|x64 = Debug|x64
		Debug|x86 = Debug|x86
		Release|Any CPU = Release|Any CPU
		Release|x64 = Release|x64
		Release|x86 = Release|x86
	EndGlobalSection
	GlobalSection(ProjectConfigurationPlatforms) = postSolution
		{474CC666-1F36-4C8C-91DE-0399B80BC2FA}.Debug|Any CPU.ActiveCfg = Debug|Any CPU
		{474CC666-1F36-4C8C-91DE-0399B80BC2FA}.Debug|Any CPU.Build.0 = Debug|Any CPU
		{474CC666-1F36-4C8C-91DE-0399B80BC2FA}.Debug|x64.ActiveCfg = Debug|Any CPU
		{474CC666-1F36-4C8C-91DE-0399B80BC2FA}.Debug|x64.Build.0 = Debug|Any CPU
		{474CC666-1F36-4C8C-91DE-0399B80BC2FA}.Debug|x86.ActiveCfg = Debug|Any CPU
		{474CC666-1F36-4C8C-91DE-0399B80BC2FA}.Debug|x86.Build.0 = Debug|Any CPU
		{474CC666-1F36-4C8C-91DE-0399B80BC2FA}.Release|Any CPU.ActiveCfg = Release|Any CPU
		{474CC666-1F36-4C8C-91DE-0399B80BC2FA}.Release|Any CPU.Build.0 = Release|Any CPU
		{474CC666-1F36-4C8C-91DE-0399B80BC2FA}.Release|x64.ActiveCfg = Release|Any CPU
		{474CC666-1F36-4C8C-91DE-0399B80BC2FA}.Release|x64.Build.0 = Release|Any CPU
		{474CC666-1F36-4C8C-91DE-0399B80BC2FA}.Release|x86.ActiveCfg = Release|Any CPU
		{474CC666-1F36-4C8C-91DE-0399B80BC2FA}.Release|x86.Build.0 = Release|Any CPU
		{09908D55-5810-45D9-A8F5-F69F61A43928}.Debug|Any CPU.ActiveCfg = Debug|Any CPU
		{09908D55-5810-45D9-A8F5-F69F61A43928}.Debug|Any CPU.Build.0 = Debug|Any CPU
		{09908D55-5810-45D9-A8F5-F69F61A43928}.Debug|x64.ActiveCfg = Debug|Any CPU
		{09908D55-5810-45D9-A8F5-F69F61A43928}.Debug|x64.Build.0 = Debug|Any CPU
		{09908D55-5810-45D9-A8F5-F69F61A43928}.Debug|x86.ActiveCfg = Debug|Any CPU
		{09908D55-5810-45D9-A8F5-F69F61A43928}.Debug|x86.Build.0 = Debug|Any CPU
		{09908D55-5810-45D9-A8F5-F69F61A43928}.Release|Any CPU.ActiveCfg = Release|Any CPU
		{09908D55-5810-45D9-A8F5-F69F61A43928}.Release|Any CPU.Build.0 = Release|Any CPU
		{09908D55-5810-45D9-A8F5-F69F61A43928}.Release|x64.ActiveCfg = Release|Any CPU
		{09908D55-5810-45D9-A8F5-F69F61A43928}.Release|x64.Build.0 = Release|Any CPU
		{09908D55-5810-45D9-A8F5-F69F61A43928}.Release|x86.ActiveCfg = Release|Any CPU
		{09908D55-5810-45D9-A8F5-F69F61A43928}.Release|x86.Build.0 = Release|Any CPU
	EndGlobalSection
	GlobalSection(SolutionProperties) = preSolution
		HideSolutionNode = FALSE
	EndGlobalSection
	GlobalSection(NestedProjects) = preSolution
		{474CC666-1F36-4C8C-91DE-0399B80BC2FA} = {827E0CD3-B72D-47B6-A68D-7590B98EB39B}
		{09908D55-5810-45D9-A8F5-F69F61A43928} = {827E0CD3-B72D-47B6-A68D-7590B98EB39B}
	EndGlobalSection
EndGlobal
